
Microsoft Visual Studio Solution File, Format Version 12.00
# Visual Studio 15
VisualStudioVersion = 15.0.28010.2019
MinimumVisualStudioVersion = 10.0.40219.1
Project("{FAE04EC0-301F-11D3-BF4B-00C04F79EFBC}") = "baseApp", "baseApp\baseApp.csproj", "{F3976267-9AF5-434C-96ED-80275C486C64}"
EndProject
Project("{FAE04EC0-301F-11D3-BF4B-00C04F79EFBC}") = "TEST", "TEST\TEST.csproj", "{AB09C1BF-2B44-4DD2-B942-E9DF4D519137}"
EndProject
Global
	GlobalSection(SolutionConfigurationPlatforms) = preSolution
		Debug|Any CPU = Debug|Any CPU
		Release|Any CPU = Release|Any CPU
	EndGlobalSection
	GlobalSection(ProjectConfigurationPlatforms) = postSolution
		{F3976267-9AF5-434C-96ED-80275C486C64}.Debug|Any CPU.ActiveCfg = Debug|Any CPU
		{F3976267-9AF5-434C-96ED-80275C486C64}.Debug|Any CPU.Build.0 = Debug|Any CPU
		{F3976267-9AF5-434C-96ED-80275C486C64}.Release|Any CPU.ActiveCfg = Release|Any CPU
		{F3976267-9AF5-434C-96ED-80275C486C64}.Release|Any CPU.Build.0 = Release|Any CPU
		{AB09C1BF-2B44-4DD2-B942-E9DF4D519137}.Debug|Any CPU.ActiveCfg = Debug|Any CPU
		{AB09C1BF-2B44-4DD2-B942-E9DF4D519137}.Debug|Any CPU.Build.0 = Debug|Any CPU
		{AB09C1BF-2B44-4DD2-B942-E9DF4D519137}.Release|Any CPU.ActiveCfg = Release|Any CPU
		{AB09C1BF-2B44-4DD2-B942-E9DF4D519137}.Release|Any CPU.Build.0 = Release|Any CPU
	EndGlobalSection
	GlobalSection(SolutionProperties) = preSolution
		HideSolutionNode = FALSE
	EndGlobalSection
	GlobalSection(ExtensibilityGlobals) = postSolution
		SolutionGuid = {5D0FA8C2-DBD5-406A-9C45-CA3CDBB26B08}
	EndGlobalSection
EndGlobal
